
Microsoft Visual Studio Solution File, Format Version 12.00
# Visual Studio Version 16
VisualStudioVersion = 16.0.32510.428
MinimumVisualStudioVersion = 10.0.40219.1
Project("{FAE04EC0-301F-11D3-BF4B-00C04F79EFBC}") = "LivrariaControleEmprestimo.DATA", "LivrariaControleEmprestimo.DATA\LivrariaControleEmprestimo.DATA.csproj", "{1600267C-8258-4C81-855A-4976A2E8D486}"
EndProject
Project("{FAE04EC0-301F-11D3-BF4B-00C04F79EFBC}") = "LivrariaControleEmprestimo.WEB", "LivrariaControleEmprestimo.WEB\LivrariaControleEmprestimo.WEB.csproj", "{EA42F011-93CE-4F1D-841F-8B5A9F1FC4B5}"
EndProject
Global
	GlobalSection(SolutionConfigurationPlatforms) = preSolution
		Debug|Any CPU = Debug|Any CPU
		Release|Any CPU = Release|Any CPU
	EndGlobalSection
	GlobalSection(ProjectConfigurationPlatforms) = postSolution
		{1600267C-8258-4C81-855A-4976A2E8D486}.Debug|Any CPU.ActiveCfg = Debug|Any CPU
		{1600267C-8258-4C81-855A-4976A2E8D486}.Debug|Any CPU.Build.0 = Debug|Any CPU
		{1600267C-8258-4C81-855A-4976A2E8D486}.Release|Any CPU.ActiveCfg = Release|Any CPU
		{1600267C-8258-4C81-855A-4976A2E8D486}.Release|Any CPU.Build.0 = Release|Any CPU
		{EA42F011-93CE-4F1D-841F-8B5A9F1FC4B5}.Debug|Any CPU.ActiveCfg = Debug|Any CPU
		{EA42F011-93CE-4F1D-841F-8B5A9F1FC4B5}.Debug|Any CPU.Build.0 = Debug|Any CPU
		{EA42F011-93CE-4F1D-841F-8B5A9F1FC4B5}.Release|Any CPU.ActiveCfg = Release|Any CPU
		{EA42F011-93CE-4F1D-841F-8B5A9F1FC4B5}.Release|Any CPU.Build.0 = Release|Any CPU
	EndGlobalSection
	GlobalSection(SolutionProperties) = preSolution
		HideSolutionNode = FALSE
	EndGlobalSection
	GlobalSection(ExtensibilityGlobals) = postSolution
		SolutionGuid = {F2F44626-13BC-4400-B8EE-D31F8A7D16C9}
	EndGlobalSection
EndGlobal
